
Microsoft Visual Studio Solution File, Format Version 12.00
# Visual Studio Version 17
VisualStudioVersion = 17.6.33723.286
MinimumVisualStudioVersion = 10.0.40219.1
Project("{FAE04EC0-301F-11D3-BF4B-00C04F79EFBC}") = "MediaItem", "MediaItem\MediaItem.csproj", "{7560399C-3EF1-445C-B216-FCB9D9BD23F1}"
EndProject
Global
	GlobalSection(SolutionConfigurationPlatforms) = preSolution
		Debug|Any CPU = Debug|Any CPU
		Release|Any CPU = Release|Any CPU
	EndGlobalSection
	GlobalSection(ProjectConfigurationPlatforms) = postSolution
		{7560399C-3EF1-445C-B216-FCB9D9BD23F1}.Debug|Any CPU.ActiveCfg = Debug|Any CPU
		{7560399C-3EF1-445C-B216-FCB9D9BD23F1}.Debug|Any CPU.Build.0 = Debug|Any CPU
		{7560399C-3EF1-445C-B216-FCB9D9BD23F1}.Release|Any CPU.ActiveCfg = Release|Any CPU
		{7560399C-3EF1-445C-B216-FCB9D9BD23F1}.Release|Any CPU.Build.0 = Release|Any CPU
	EndGlobalSection
	GlobalSection(SolutionProperties) = preSolution
		HideSolutionNode = FALSE
	EndGlobalSection
	GlobalSection(ExtensibilityGlobals) = postSolution
		SolutionGuid = {80B6C86B-FB2C-454D-8FB7-5701B11C17BC}
	EndGlobalSection
EndGlobal
