
Microsoft Visual Studio Solution File, Format Version 12.00
# Visual Studio Version 17
VisualStudioVersion = 17.6.33723.286
MinimumVisualStudioVersion = 10.0.40219.1
Project("{FAE04EC0-301F-11D3-BF4B-00C04F79EFBC}") = "Levenshtein", "Levenshtein\Levenshtein.csproj", "{A5591FC1-5812-4843-8EC8-482D93D8FE3F}"
EndProject
Global
	GlobalSection(SolutionConfigurationPlatforms) = preSolution
		Debug|Any CPU = Debug|Any CPU
		Release|Any CPU = Release|Any CPU
	EndGlobalSection
	GlobalSection(ProjectConfigurationPlatforms) = postSolution
		{A5591FC1-5812-4843-8EC8-482D93D8FE3F}.Debug|Any CPU.ActiveCfg = Debug|Any CPU
		{A5591FC1-5812-4843-8EC8-482D93D8FE3F}.Debug|Any CPU.Build.0 = Debug|Any CPU
		{A5591FC1-5812-4843-8EC8-482D93D8FE3F}.Release|Any CPU.ActiveCfg = Release|Any CPU
		{A5591FC1-5812-4843-8EC8-482D93D8FE3F}.Release|Any CPU.Build.0 = Release|Any CPU
	EndGlobalSection
	GlobalSection(SolutionProperties) = preSolution
		HideSolutionNode = FALSE
	EndGlobalSection
	GlobalSection(ExtensibilityGlobals) = postSolution
		SolutionGuid = {6D4B9684-EE44-4B7C-8395-1D32CDACDC42}
	EndGlobalSection
EndGlobal
