
Microsoft Visual Studio Solution File, Format Version 12.00
# Visual Studio Version 17
VisualStudioVersion = 17.6.33801.468
MinimumVisualStudioVersion = 10.0.40219.1
Project("{FAE04EC0-301F-11D3-BF4B-00C04F79EFBC}") = "e-commerce-project", "e-commerce-project\e-commerce-project.csproj", "{630513DF-83C2-42E0-AAAB-0609B7FBA2E4}"
EndProject
Global
	GlobalSection(SolutionConfigurationPlatforms) = preSolution
		Debug|Any CPU = Debug|Any CPU
		Release|Any CPU = Release|Any CPU
	EndGlobalSection
	GlobalSection(ProjectConfigurationPlatforms) = postSolution
		{630513DF-83C2-42E0-AAAB-0609B7FBA2E4}.Debug|Any CPU.ActiveCfg = Debug|Any CPU
		{630513DF-83C2-42E0-AAAB-0609B7FBA2E4}.Debug|Any CPU.Build.0 = Debug|Any CPU
		{630513DF-83C2-42E0-AAAB-0609B7FBA2E4}.Release|Any CPU.ActiveCfg = Release|Any CPU
		{630513DF-83C2-42E0-AAAB-0609B7FBA2E4}.Release|Any CPU.Build.0 = Release|Any CPU
	EndGlobalSection
	GlobalSection(SolutionProperties) = preSolution
		HideSolutionNode = FALSE
	EndGlobalSection
	GlobalSection(ExtensibilityGlobals) = postSolution
		SolutionGuid = {A71891F0-9FC5-47D7-957E-022C340B24FF}
	EndGlobalSection
EndGlobal
