
Microsoft Visual Studio Solution File, Format Version 12.00
# Visual Studio Version 17
VisualStudioVersion = 17.6.33723.286
MinimumVisualStudioVersion = 10.0.40219.1
Project("{FAE04EC0-301F-11D3-BF4B-00C04F79EFBC}") = "Dice", "Dice\Dice.csproj", "{6065FB7C-274D-49CB-83F5-1C6F402FCCC1}"
EndProject
Global
	GlobalSection(SolutionConfigurationPlatforms) = preSolution
		Debug|Any CPU = Debug|Any CPU
		Release|Any CPU = Release|Any CPU
	EndGlobalSection
	GlobalSection(ProjectConfigurationPlatforms) = postSolution
		{6065FB7C-274D-49CB-83F5-1C6F402FCCC1}.Debug|Any CPU.ActiveCfg = Debug|Any CPU
		{6065FB7C-274D-49CB-83F5-1C6F402FCCC1}.Debug|Any CPU.Build.0 = Debug|Any CPU
		{6065FB7C-274D-49CB-83F5-1C6F402FCCC1}.Release|Any CPU.ActiveCfg = Release|Any CPU
		{6065FB7C-274D-49CB-83F5-1C6F402FCCC1}.Release|Any CPU.Build.0 = Release|Any CPU
	EndGlobalSection
	GlobalSection(SolutionProperties) = preSolution
		HideSolutionNode = FALSE
	EndGlobalSection
	GlobalSection(ExtensibilityGlobals) = postSolution
		SolutionGuid = {A7469EA7-C37C-4831-A894-14D109801380}
	EndGlobalSection
EndGlobal
