
Microsoft Visual Studio Solution File, Format Version 12.00
# Visual Studio Version 17
VisualStudioVersion = 17.6.33829.357
MinimumVisualStudioVersion = 10.0.40219.1
Project("{FAE04EC0-301F-11D3-BF4B-00C04F79EFBC}") = "OnlineBookstore", "OnlineBookstore\OnlineBookstore.csproj", "{F8F1E5E7-1C42-4161-AD89-CEF846003F79}"
EndProject
Global
	GlobalSection(SolutionConfigurationPlatforms) = preSolution
		Debug|Any CPU = Debug|Any CPU
		Release|Any CPU = Release|Any CPU
	EndGlobalSection
	GlobalSection(ProjectConfigurationPlatforms) = postSolution
		{F8F1E5E7-1C42-4161-AD89-CEF846003F79}.Debug|Any CPU.ActiveCfg = Debug|Any CPU
		{F8F1E5E7-1C42-4161-AD89-CEF846003F79}.Debug|Any CPU.Build.0 = Debug|Any CPU
		{F8F1E5E7-1C42-4161-AD89-CEF846003F79}.Release|Any CPU.ActiveCfg = Release|Any CPU
		{F8F1E5E7-1C42-4161-AD89-CEF846003F79}.Release|Any CPU.Build.0 = Release|Any CPU
	EndGlobalSection
	GlobalSection(SolutionProperties) = preSolution
		HideSolutionNode = FALSE
	EndGlobalSection
	GlobalSection(ExtensibilityGlobals) = postSolution
		SolutionGuid = {BC72C3CF-2407-40EE-8DB4-8D0D6E6ADD09}
	EndGlobalSection
EndGlobal
