
Microsoft Visual Studio Solution File, Format Version 12.00
# Visual Studio Version 17
VisualStudioVersion = 17.6.33801.468
MinimumVisualStudioVersion = 10.0.40219.1
Project("{FAE04EC0-301F-11D3-BF4B-00C04F79EFBC}") = "NewProject", "NewProject\NewProject.csproj", "{C754D49A-8A3A-40EC-811D-F8B7407B4356}"
EndProject
Global
	GlobalSection(SolutionConfigurationPlatforms) = preSolution
		Debug|Any CPU = Debug|Any CPU
		Release|Any CPU = Release|Any CPU
	EndGlobalSection
	GlobalSection(ProjectConfigurationPlatforms) = postSolution
		{C754D49A-8A3A-40EC-811D-F8B7407B4356}.Debug|Any CPU.ActiveCfg = Debug|Any CPU
		{C754D49A-8A3A-40EC-811D-F8B7407B4356}.Debug|Any CPU.Build.0 = Debug|Any CPU
		{C754D49A-8A3A-40EC-811D-F8B7407B4356}.Release|Any CPU.ActiveCfg = Release|Any CPU
		{C754D49A-8A3A-40EC-811D-F8B7407B4356}.Release|Any CPU.Build.0 = Release|Any CPU
	EndGlobalSection
	GlobalSection(SolutionProperties) = preSolution
		HideSolutionNode = FALSE
	EndGlobalSection
	GlobalSection(ExtensibilityGlobals) = postSolution
		SolutionGuid = {9AF1CA80-AF45-4C89-ADA1-2E58B8092754}
	EndGlobalSection
EndGlobal
